
Microsoft Visual Studio Solution File, Format Version 12.00
# Visual Studio Version 17
VisualStudioVersion = 17.9.34902.65
MinimumVisualStudioVersion = 10.0.40219.1
Project("{FAE04EC0-301F-11D3-BF4B-00C04F79EFBC}") = "SinavSistemi", "SinavSistemi\SinavSistemi.csproj", "{FBAF49B5-FBD0-4AD5-9916-B702A3F8E435}"
EndProject
Global
	GlobalSection(SolutionConfigurationPlatforms) = preSolution
		Debug|Any CPU = Debug|Any CPU
		Release|Any CPU = Release|Any CPU
	EndGlobalSection
	GlobalSection(ProjectConfigurationPlatforms) = postSolution
		{FBAF49B5-FBD0-4AD5-9916-B702A3F8E435}.Debug|Any CPU.ActiveCfg = Debug|Any CPU
		{FBAF49B5-FBD0-4AD5-9916-B702A3F8E435}.Debug|Any CPU.Build.0 = Debug|Any CPU
		{FBAF49B5-FBD0-4AD5-9916-B702A3F8E435}.Release|Any CPU.ActiveCfg = Release|Any CPU
		{FBAF49B5-FBD0-4AD5-9916-B702A3F8E435}.Release|Any CPU.Build.0 = Release|Any CPU
	EndGlobalSection
	GlobalSection(SolutionProperties) = preSolution
		HideSolutionNode = FALSE
	EndGlobalSection
	GlobalSection(ExtensibilityGlobals) = postSolution
		SolutionGuid = {DD01ED68-F002-4C43-A8EB-74E8E7E50885}
	EndGlobalSection
EndGlobal
